
Microsoft Visual Studio Solution File, Format Version 12.00
# Visual Studio Version 17
VisualStudioVersion = 17.12.35707.178
MinimumVisualStudioVersion = 10.0.40219.1
Project("{8BC9CEB8-8B4A-11D0-8D11-00A0C91BC942}") = "ControlStrctures", "ControlStrctures\ControlStrctures.vcxproj", "{AF10727A-84DE-4E82-9330-877692F6321A}"
EndProject
Project("{8BC9CEB8-8B4A-11D0-8D11-00A0C91BC942}") = "Loops", "Loops\Loops.vcxproj", "{A16B3CAF-6D35-4649-9B4B-7384A1DA9D4B}"
EndProject
Project("{8BC9CEB8-8B4A-11D0-8D11-00A0C91BC942}") = "Game Shooter", "Game Shooter\Game Shooter.vcxproj", "{DF93DD42-959E-48F6-8A0D-F1319E4D71EE}"
EndProject
Project("{8BC9CEB8-8B4A-11D0-8D11-00A0C91BC942}") = "Bilet", "Bilet\Bilet.vcxproj", "{A6A32D5E-9D68-40D5-8D38-67F63A9BE83C}"
EndProject
Project("{8BC9CEB8-8B4A-11D0-8D11-00A0C91BC942}") = "Shooter2", "Shooter2\Shooter2.vcxproj", "{B721D81B-9320-4705-A433-50F3DD899C00}"
EndProject
Project("{8BC9CEB8-8B4A-11D0-8D11-00A0C91BC942}") = "Factorial", "Factorial\Factorial.vcxproj", "{22441982-E0C5-4814-A28C-086592EA7585}"
EndProject
Project("{8BC9CEB8-8B4A-11D0-8D11-00A0C91BC942}") = "homework2", "homework2\homework2.vcxproj", "{D5E3E8FC-3605-4F61-865D-392F3D20990A}"
EndProject
Project("{8BC9CEB8-8B4A-11D0-8D11-00A0C91BC942}") = "ASCII", "ASCII\ASCII.vcxproj", "{CFFAA24C-5FEF-4F8D-9EA4-0AAA0FBEA056}"
EndProject
Project("{8BC9CEB8-8B4A-11D0-8D11-00A0C91BC942}") = "FOR", "FOR\FOR.vcxproj", "{8FE1D0C0-F4FA-453E-8F94-4E50834E4227}"
EndProject
Project("{8BC9CEB8-8B4A-11D0-8D11-00A0C91BC942}") = "Geometry", "Geometry\Geometry.vcxproj", "{EBFE0591-730D-425F-82E3-D1FD6EEF0D8F}"
EndProject
Project("{8BC9CEB8-8B4A-11D0-8D11-00A0C91BC942}") = "Chess", "Chess\Chess.vcxproj", "{61546D73-579C-4507-BD56-03B8E61EBC8D}"
EndProject
Global
	GlobalSection(SolutionConfigurationPlatforms) = preSolution
		Debug|x64 = Debug|x64
		Debug|x86 = Debug|x86
		Release|x64 = Release|x64
		Release|x86 = Release|x86
	EndGlobalSection
	GlobalSection(ProjectConfigurationPlatforms) = postSolution
		{AF10727A-84DE-4E82-9330-877692F6321A}.Debug|x64.ActiveCfg = Debug|x64
		{AF10727A-84DE-4E82-9330-877692F6321A}.Debug|x64.Build.0 = Debug|x64
		{AF10727A-84DE-4E82-9330-877692F6321A}.Debug|x86.ActiveCfg = Debug|Win32
		{AF10727A-84DE-4E82-9330-877692F6321A}.Debug|x86.Build.0 = Debug|Win32
		{AF10727A-84DE-4E82-9330-877692F6321A}.Release|x64.ActiveCfg = Release|x64
		{AF10727A-84DE-4E82-9330-877692F6321A}.Release|x64.Build.0 = Release|x64
		{AF10727A-84DE-4E82-9330-877692F6321A}.Release|x86.ActiveCfg = Release|Win32
		{AF10727A-84DE-4E82-9330-877692F6321A}.Release|x86.Build.0 = Release|Win32
		{A16B3CAF-6D35-4649-9B4B-7384A1DA9D4B}.Debug|x64.ActiveCfg = Debug|x64
		{A16B3CAF-6D35-4649-9B4B-7384A1DA9D4B}.Debug|x64.Build.0 = Debug|x64
		{A16B3CAF-6D35-4649-9B4B-7384A1DA9D4B}.Debug|x86.ActiveCfg = Debug|Win32
		{A16B3CAF-6D35-4649-9B4B-7384A1DA9D4B}.Debug|x86.Build.0 = Debug|Win32
		{A16B3CAF-6D35-4649-9B4B-7384A1DA9D4B}.Release|x64.ActiveCfg = Release|x64
		{A16B3CAF-6D35-4649-9B4B-7384A1DA9D4B}.Release|x64.Build.0 = Release|x64
		{A16B3CAF-6D35-4649-9B4B-7384A1DA9D4B}.Release|x86.ActiveCfg = Release|Win32
		{A16B3CAF-6D35-4649-9B4B-7384A1DA9D4B}.Release|x86.Build.0 = Release|Win32
		{DF93DD42-959E-48F6-8A0D-F1319E4D71EE}.Debug|x64.ActiveCfg = Debug|x64
		{DF93DD42-959E-48F6-8A0D-F1319E4D71EE}.Debug|x64.Build.0 = Debug|x64
		{DF93DD42-959E-48F6-8A0D-F1319E4D71EE}.Debug|x86.ActiveCfg = Debug|Win32
		{DF93DD42-959E-48F6-8A0D-F1319E4D71EE}.Debug|x86.Build.0 = Debug|Win32
		{DF93DD42-959E-48F6-8A0D-F1319E4D71EE}.Release|x64.ActiveCfg = Release|x64
		{DF93DD42-959E-48F6-8A0D-F1319E4D71EE}.Release|x64.Build.0 = Release|x64
		{DF93DD42-959E-48F6-8A0D-F1319E4D71EE}.Release|x86.ActiveCfg = Release|Win32
		{DF93DD42-959E-48F6-8A0D-F1319E4D71EE}.Release|x86.Build.0 = Release|Win32
		{A6A32D5E-9D68-40D5-8D38-67F63A9BE83C}.Debug|x64.ActiveCfg = Debug|x64
		{A6A32D5E-9D68-40D5-8D38-67F63A9BE83C}.Debug|x64.Build.0 = Debug|x64
		{A6A32D5E-9D68-40D5-8D38-67F63A9BE83C}.Debug|x86.ActiveCfg = Debug|Win32
		{A6A32D5E-9D68-40D5-8D38-67F63A9BE83C}.Debug|x86.Build.0 = Debug|Win32
		{A6A32D5E-9D68-40D5-8D38-67F63A9BE83C}.Release|x64.ActiveCfg = Release|x64
		{A6A32D5E-9D68-40D5-8D38-67F63A9BE83C}.Release|x64.Build.0 = Release|x64
		{A6A32D5E-9D68-40D5-8D38-67F63A9BE83C}.Release|x86.ActiveCfg = Release|Win32
		{A6A32D5E-9D68-40D5-8D38-67F63A9BE83C}.Release|x86.Build.0 = Release|Win32
		{B721D81B-9320-4705-A433-50F3DD899C00}.Debug|x64.ActiveCfg = Debug|x64
		{B721D81B-9320-4705-A433-50F3DD899C00}.Debug|x64.Build.0 = Debug|x64
		{B721D81B-9320-4705-A433-50F3DD899C00}.Debug|x86.ActiveCfg = Debug|Win32
		{B721D81B-9320-4705-A433-50F3DD899C00}.Debug|x86.Build.0 = Debug|Win32
		{B721D81B-9320-4705-A433-50F3DD899C00}.Release|x64.ActiveCfg = Release|x64
		{B721D81B-9320-4705-A433-50F3DD899C00}.Release|x64.Build.0 = Release|x64
		{B721D81B-9320-4705-A433-50F3DD899C00}.Release|x86.ActiveCfg = Release|Win32
		{B721D81B-9320-4705-A433-50F3DD899C00}.Release|x86.Build.0 = Release|Win32
		{22441982-E0C5-4814-A28C-086592EA7585}.Debug|x64.ActiveCfg = Debug|x64
		{22441982-E0C5-4814-A28C-086592EA7585}.Debug|x64.Build.0 = Debug|x64
		{22441982-E0C5-4814-A28C-086592EA7585}.Debug|x86.ActiveCfg = Debug|Win32
		{22441982-E0C5-4814-A28C-086592EA7585}.Debug|x86.Build.0 = Debug|Win32
		{22441982-E0C5-4814-A28C-086592EA7585}.Release|x64.ActiveCfg = Release|x64
		{22441982-E0C5-4814-A28C-086592EA7585}.Release|x64.Build.0 = Release|x64
		{22441982-E0C5-4814-A28C-086592EA7585}.Release|x86.ActiveCfg = Release|Win32
		{22441982-E0C5-4814-A28C-086592EA7585}.Release|x86.Build.0 = Release|Win32
		{D5E3E8FC-3605-4F61-865D-392F3D20990A}.Debug|x64.ActiveCfg = Debug|x64
		{D5E3E8FC-3605-4F61-865D-392F3D20990A}.Debug|x64.Build.0 = Debug|x64
		{D5E3E8FC-3605-4F61-865D-392F3D20990A}.Debug|x86.ActiveCfg = Debug|Win32
		{D5E3E8FC-3605-4F61-865D-392F3D20990A}.Debug|x86.Build.0 = Debug|Win32
		{D5E3E8FC-3605-4F61-865D-392F3D20990A}.Release|x64.ActiveCfg = Release|x64
		{D5E3E8FC-3605-4F61-865D-392F3D20990A}.Release|x64.Build.0 = Release|x64
		{D5E3E8FC-3605-4F61-865D-392F3D20990A}.Release|x86.ActiveCfg = Release|Win32
		{D5E3E8FC-3605-4F61-865D-392F3D20990A}.Release|x86.Build.0 = Release|Win32
		{CFFAA24C-5FEF-4F8D-9EA4-0AAA0FBEA056}.Debug|x64.ActiveCfg = Debug|x64
		{CFFAA24C-5FEF-4F8D-9EA4-0AAA0FBEA056}.Debug|x64.Build.0 = Debug|x64
		{CFFAA24C-5FEF-4F8D-9EA4-0AAA0FBEA056}.Debug|x86.ActiveCfg = Debug|Win32
		{CFFAA24C-5FEF-4F8D-9EA4-0AAA0FBEA056}.Debug|x86.Build.0 = Debug|Win32
		{CFFAA24C-5FEF-4F8D-9EA4-0AAA0FBEA056}.Release|x64.ActiveCfg = Release|x64
		{CFFAA24C-5FEF-4F8D-9EA4-0AAA0FBEA056}.Release|x64.Build.0 = Release|x64
		{CFFAA24C-5FEF-4F8D-9EA4-0AAA0FBEA056}.Release|x86.ActiveCfg = Release|Win32
		{CFFAA24C-5FEF-4F8D-9EA4-0AAA0FBEA056}.Release|x86.Build.0 = Release|Win32
		{8FE1D0C0-F4FA-453E-8F94-4E50834E4227}.Debug|x64.ActiveCfg = Debug|x64
		{8FE1D0C0-F4FA-453E-8F94-4E50834E4227}.Debug|x64.Build.0 = Debug|x64
		{8FE1D0C0-F4FA-453E-8F94-4E50834E4227}.Debug|x86.ActiveCfg = Debug|Win32
		{8FE1D0C0-F4FA-453E-8F94-4E50834E4227}.Debug|x86.Build.0 = Debug|Win32
		{8FE1D0C0-F4FA-453E-8F94-4E50834E4227}.Release|x64.ActiveCfg = Release|x64
		{8FE1D0C0-F4FA-453E-8F94-4E50834E4227}.Release|x64.Build.0 = Release|x64
		{8FE1D0C0-F4FA-453E-8F94-4E50834E4227}.Release|x86.ActiveCfg = Release|Win32
		{8FE1D0C0-F4FA-453E-8F94-4E50834E4227}.Release|x86.Build.0 = Release|Win32
		{EBFE0591-730D-425F-82E3-D1FD6EEF0D8F}.Debug|x64.ActiveCfg = Debug|x64
		{EBFE0591-730D-425F-82E3-D1FD6EEF0D8F}.Debug|x64.Build.0 = Debug|x64
		{EBFE0591-730D-425F-82E3-D1FD6EEF0D8F}.Debug|x86.ActiveCfg = Debug|Win32
		{EBFE0591-730D-425F-82E3-D1FD6EEF0D8F}.Debug|x86.Build.0 = Debug|Win32
		{EBFE0591-730D-425F-82E3-D1FD6EEF0D8F}.Release|x64.ActiveCfg = Release|x64
		{EBFE0591-730D-425F-82E3-D1FD6EEF0D8F}.Release|x64.Build.0 = Release|x64
		{EBFE0591-730D-425F-82E3-D1FD6EEF0D8F}.Release|x86.ActiveCfg = Release|Win32
		{EBFE0591-730D-425F-82E3-D1FD6EEF0D8F}.Release|x86.Build.0 = Release|Win32
		{61546D73-579C-4507-BD56-03B8E61EBC8D}.Debug|x64.ActiveCfg = Debug|x64
		{61546D73-579C-4507-BD56-03B8E61EBC8D}.Debug|x64.Build.0 = Debug|x64
		{61546D73-579C-4507-BD56-03B8E61EBC8D}.Debug|x86.ActiveCfg = Debug|Win32
		{61546D73-579C-4507-BD56-03B8E61EBC8D}.Debug|x86.Build.0 = Debug|Win32
		{61546D73-579C-4507-BD56-03B8E61EBC8D}.Release|x64.ActiveCfg = Release|x64
		{61546D73-579C-4507-BD56-03B8E61EBC8D}.Release|x64.Build.0 = Release|x64
		{61546D73-579C-4507-BD56-03B8E61EBC8D}.Release|x86.ActiveCfg = Release|Win32
		{61546D73-579C-4507-BD56-03B8E61EBC8D}.Release|x86.Build.0 = Release|Win32
	EndGlobalSection
	GlobalSection(SolutionProperties) = preSolution
		HideSolutionNode = FALSE
	EndGlobalSection
EndGlobal
